
Microsoft Visual Studio Solution File, Format Version 12.00
Project("{FAE04EC0-301F-11D3-BF4B-00C04F79EFBC}") = "BTTDRichDiscordPresence", "src\BTTDRichDiscordPresence.csproj", "{09F69927-242F-4710-9F56-EC29BB9AD981}"
EndProject
Global
	GlobalSection(SolutionConfigurationPlatforms) = preSolution
		Debug|Any CPU = Debug|Any CPU
		Release|Any CPU = Release|Any CPU
	EndGlobalSection
	GlobalSection(ProjectConfigurationPlatforms) = postSolution
		{09F69927-242F-4710-9F56-EC29BB9AD981}.Debug|Any CPU.ActiveCfg = Debug|Any CPU
		{09F69927-242F-4710-9F56-EC29BB9AD981}.Debug|Any CPU.Build.0 = Debug|Any CPU
		{09F69927-242F-4710-9F56-EC29BB9AD981}.Release|Any CPU.ActiveCfg = Release|Any CPU
		{09F69927-242F-4710-9F56-EC29BB9AD981}.Release|Any CPU.Build.0 = Release|Any CPU
	EndGlobalSection
EndGlobal
